uuid: 7e34b9e2-e36e-4db0-9c00-c34cc4124962
langcode: en
status: true
dependencies:
  content:
    - 'block_content:basic:04aaf65d-96ed-4d3d-91ba-afddd2a0a594'
  module:
    - block_content
    - system
  theme:
    - oc_patterns
id: customtestingblock
theme: oc_patterns
region: content
weight: 0
provider: null
plugin: 'block_content:04aaf65d-96ed-4d3d-91ba-afddd2a0a594'
settings:
  id: 'block_content:04aaf65d-96ed-4d3d-91ba-afddd2a0a594'
  label: 'Custom Testing Block'
  provider: block_content
  label_display: visible
  status: true
  info: ''
  view_mode: full
visibility:
  request_path:
    id: request_path
    pages: '<front>'
    negate: false
    context_mapping: {  }
